# THIS IS AN AUTOGENERATED FILE. DO NOT EDIT THIS FILE DIRECTLY.
# yarn lockfile v1


raven-js@3.27.2:
  version "3.27.2"
  resolved "https://registry.yarnpkg.com/raven-js/-/raven-js-3.27.2.tgz#6c33df952026cd73820aa999122b7b7737a66775"
  integrity sha512-mFWQcXnhRFEQe5HeFroPaEghlnqy7F5E2J3Fsab189ondqUzcjwSVi7el7F36cr6PvQYXoZ1P2F5CSF2/azeMQ==
