# THIS IS AN AUTOGENERATED FILE. DO NOT EDIT THIS FILE DIRECTLY.
# yarn lockfile v1


"@algolia/cache-browser-local-storage@4.3.0":
  version "4.3.0"
  resolved "https://registry.yarnpkg.com/@algolia/cache-browser-local-storage/-/cache-browser-local-storage-4.3.0.tgz#e284e2c2418a1c19d9a4c6553ffb151525332084"
  integrity sha512-91Cf3IPUk84PF2wvR8ys8XO42FqaJEtIh/dyR0WvwMdv0x13GORkAvoBJgkFI2wofZqUY86jNimvHWfsWzPQ+g==
  dependencies:
    "@algolia/cache-common" "4.3.0"

"@algolia/cache-common@4.3.0":
  version "4.3.0"
  resolved "https://registry.yarnpkg.com/@algolia/cache-common/-/cache-common-4.3.0.tgz#3a257b184bce678e524e354c4f4abd3235ccd24d"
  integrity sha512-AHTbOn9lk0f5IkjssXXmDgnaZfsUJVZ61sqOH1W3LyJdAscDzCj0KtwijELn8FHlLXQak7+K93/O3Oct0uHncQ==

"@algolia/cache-in-memory@4.3.0":
  version "4.3.0"
  resolved "https://registry.yarnpkg.com/@algolia/cache-in-memory/-/cache-in-memory-4.3.0.tgz#d1f3920b56f1ce70bafda515f42a82aa8effedf8"
  integrity sha512-8BZS5IFEtiSFkA6vNQUXJXIWABDbSanQdkGX5LArlhbCjuykZqF68yaCjXWG10EZTySnkZLmKc+5ozYVOktJaQ==
  dependencies:
    "@algolia/cache-common" "4.3.0"

"@algolia/client-account@4.3.0":
  version "4.3.0"
  resolved "https://registry.yarnpkg.com/@algolia/client-account/-/client-account-4.3.0.tgz#84401dc17a9cb19fb8da71e0ee478aa80fba8064"
  integrity sha512-8LJSvWooc+fe+XZXeu+h4dhpo9lsu3sb7rV9cpPhymYSHgEJAHaDkZEcPM1u/PBMvFe0mZXaW6nabeb3jeIRcw==
  dependencies:
    "@algolia/client-common" "4.3.0"
    "@algolia/client-search" "4.3.0"
    "@algolia/transporter" "4.3.0"

"@algolia/client-analytics@4.3.0":
  version "4.3.0"
  resolved "https://registry.yarnpkg.com/@algolia/client-analytics/-/client-analytics-4.3.0.tgz#c9c84965969a485b998189c78fb6a8847af51f34"
  integrity sha512-BFH4ddyrqI2pE3bUctn5KtJgYqgvO0Ap9vJEHBNj6mjSKqFbTnZeVEPG3yWrOuWRCqPHR3ewcWRisNwJHG3+Mw==
  dependencies:
    "@algolia/client-common" "4.3.0"
    "@algolia/client-search" "4.3.0"
    "@algolia/requester-common" "4.3.0"
    "@algolia/transporter" "4.3.0"

"@algolia/client-common@4.3.0":
  version "4.3.0"
  resolved "https://registry.yarnpkg.com/@algolia/client-common/-/client-common-4.3.0.tgz#d386f67a8068e5ca2d2a00d37fab10a653744951"
  integrity sha512-8Ohj6zXZkpwDKc8ZWVTZo2wPO4+LT5D258suGg/C6nh4UxOrFOp6QaqeQo8JZ1eqMqtfb3zv5SHgW4fZ00NCLQ==
  dependencies:
    "@algolia/requester-common" "4.3.0"
    "@algolia/transporter" "4.3.0"

"@algolia/client-recommendation@4.3.0":
  version "4.3.0"
  resolved "https://registry.yarnpkg.com/@algolia/client-recommendation/-/client-recommendation-4.3.0.tgz#4dce100c85f044b9070ba4a4e5b129f4d466d4b3"
  integrity sha512-jCMIAWPA2hsxc5CCtoTtQAcohaG+10CxXK122Tc47t4w1K8qzSJnCjC2cHvM4UNJO+k7NrmjOYW0EXp9RKc7SQ==
  dependencies:
    "@algolia/client-common" "4.3.0"
    "@algolia/requester-common" "4.3.0"
    "@algolia/transporter" "4.3.0"

"@algolia/client-search@4.3.0":
  version "4.3.0"
  resolved "https://registry.yarnpkg.com/@algolia/client-search/-/client-search-4.3.0.tgz#9f28df3b97d0b26605b9d6c5e69ea0df39e81c53"
  integrity sha512-KCgcIsNMW1/0F5OILiFTddbTAKduJHRvXQS4NxY1H9gQWMTVeWJS7VZQ/ukKBiUMLatwUQHJz2qpYm9fmqOjkQ==
  dependencies:
    "@algolia/client-common" "4.3.0"
    "@algolia/requester-common" "4.3.0"
    "@algolia/transporter" "4.3.0"

"@algolia/logger-common@4.3.0":
  version "4.3.0"
  resolved "https://registry.yarnpkg.com/@algolia/logger-common/-/logger-common-4.3.0.tgz#ab01dd0458f9e5c1dd8e9ea43d604d7e4b76ad33"
  integrity sha512-vQ+aukjZkRAyO9iyINBefT366UtF/B9QoA1Kw8PlY67T6fYmklFgYp3LNH/e7h/gz0py5LYY/HIwSsaTKk8/VQ==

"@algolia/logger-console@4.3.0":
  version "4.3.0"
  resolved "https://registry.yarnpkg.com/@algolia/logger-console/-/logger-console-4.3.0.tgz#7fc504328e3b0b7834ad21bc8f791d50f6aa791b"
  integrity sha512-7pWtcv1cSSa7F48gRBOZLcEWN073+WbnKjbpRrIGej+abZppw/h+22jtVZZORC8EIjFffGqz2/2e6bZiX+Jg7A==
  dependencies:
    "@algolia/logger-common" "4.3.0"

"@algolia/requester-browser-xhr@4.3.0":
  version "4.3.0"
  resolved "https://registry.yarnpkg.com/@algolia/requester-browser-xhr/-/requester-browser-xhr-4.3.0.tgz#9ba90588224809797f05f966d3388f4cfb6b2c94"
  integrity sha512-CpUwgQhXZsnZmjEd5DTwQv1BKQNCt83bzyVdUqvljsFxZOsNQacS6lOYs0B1eD18tKHCwVMuwbYqTaLPGBXTKQ==
  dependencies:
    "@algolia/requester-common" "4.3.0"

"@algolia/requester-common@4.3.0":
  version "4.3.0"
  resolved "https://registry.yarnpkg.com/@algolia/requester-common/-/requester-common-4.3.0.tgz#1529e51082a9b43d324290f3c07b6acb7cc34cd8"
  integrity sha512-1v73KyspJBiTzfyXupjHxikxTYjh5MoxI6mOIvAtQxRqc4ehUPAEdPCNHEvvLiCK96iKWzZaULmV0U7pj3yvTw==

"@algolia/requester-node-http@4.3.0":
  version "4.3.0"
  resolved "https://registry.yarnpkg.com/@algolia/requester-node-http/-/requester-node-http-4.3.0.tgz#ec9b4dbf7f8e563927b6e96c7c68e4b21d17284d"
  integrity sha512-Hg9Y8sUeSGQgoO1FpoL5jbkDzCtXI/8HXHybU6bimsX93DAz3HZWaoQFKmIpQDNhQ8G9FLgAtzDAxS6eckDxzg==
  dependencies:
    "@algolia/requester-common" "4.3.0"

"@algolia/transporter@4.3.0":
  version "4.3.0"
  resolved "https://registry.yarnpkg.com/@algolia/transporter/-/transporter-4.3.0.tgz#17dcafcd20bb30d2bef8886c34e86c5d47e1c560"
  integrity sha512-BTKHAtdQdfOJ0xzZkiyEK/2QVQJTiVgBZlOBfXp2gBtztjV26OqfW4n6Xz0o7eBRzLEwY1ot3mHF5QIVUjAsMg==
  dependencies:
    "@algolia/cache-common" "4.3.0"
    "@algolia/logger-common" "4.3.0"
    "@algolia/requester-common" "4.3.0"

"@babel/runtime@^7.1.2":
  version "7.8.7"
  resolved "https://registry.yarnpkg.com/@babel/runtime/-/runtime-7.8.7.tgz#8fefce9802db54881ba59f90bb28719b4996324d"
  integrity sha512-+AATMUFppJDw6aiR5NVPHqIQBlV/Pj8wY/EZH+lmvRdUo9xBaz/rF3alAwFJQavvKfeOlPE7oaaDHVbcySbCsg==
  dependencies:
    regenerator-runtime "^0.13.4"

algoliasearch-helper@^3.1.0:
  version "3.1.1"
  resolved "https://registry.yarnpkg.com/algoliasearch-helper/-/algoliasearch-helper-3.1.1.tgz#4cdfbaed6670d82626ac1fae001ccbf53192f497"
  integrity sha512-Jkqlp8jezQRixf7sbQ2zFXHpdaT41g9sHBqT6pztv5nfDmg94K+pwesAy6UbxRY78IL54LIaV1FLttMtT+IzzA==
  dependencies:
    events "^1.1.1"

algoliasearch@^4.3.0:
  version "4.3.0"
  resolved "https://registry.yarnpkg.com/algoliasearch/-/algoliasearch-4.3.0.tgz#4f6db58d405d7ecc38073e17c2996066455e9979"
  integrity sha512-H2woXyqmd1nFYDrQKLZXgghNkLBTcBXJ7Q/bxQ+F9WWS4H0Kb7IlQvNi7bDzHyldhDhIthImaUwcKqr5iiyMFQ==
  dependencies:
    "@algolia/cache-browser-local-storage" "4.3.0"
    "@algolia/cache-common" "4.3.0"
    "@algolia/cache-in-memory" "4.3.0"
    "@algolia/client-account" "4.3.0"
    "@algolia/client-analytics" "4.3.0"
    "@algolia/client-common" "4.3.0"
    "@algolia/client-recommendation" "4.3.0"
    "@algolia/client-search" "4.3.0"
    "@algolia/logger-common" "4.3.0"
    "@algolia/logger-console" "4.3.0"
    "@algolia/requester-browser-xhr" "4.3.0"
    "@algolia/requester-common" "4.3.0"
    "@algolia/requester-node-http" "4.3.0"
    "@algolia/transporter" "4.3.0"

classnames@^2.2.5:
  version "2.2.6"
  resolved "https://registry.yarnpkg.com/classnames/-/classnames-2.2.6.tgz#43935bffdd291f326dad0a205309b38d00f650ce"
  integrity sha512-JR/iSQOSt+LQIWwrwEzJ9uk0xfN3mTVYMwt1Ir5mUcSN6pU+V4zQFFaJsclJbPuAUQH+yfWef6tm7l1quW3C8Q==

events@^1.1.1:
  version "1.1.1"
  resolved "https://registry.yarnpkg.com/events/-/events-1.1.1.tgz#9ebdb7635ad099c70dcc4c2a1f5004288e8bd924"
  integrity sha1-nr23Y1rQmccNzEwqH1AEKI6L2SQ=

fast-deep-equal@^2.0.1:
  version "2.0.1"
  resolved "https://registry.yarnpkg.com/fast-deep-equal/-/fast-deep-equal-2.0.1.tgz#7b05218ddf9667bf7f370bf7fdb2cb15fdd0aa49"
  integrity sha1-ewUhjd+WZ79/Nwv3/bLLFf3Qqkk=

"js-tokens@^3.0.0 || ^4.0.0":
  version "4.0.0"
  resolved "https://registry.yarnpkg.com/js-tokens/-/js-tokens-4.0.0.tgz#19203fb59991df98e3a287050d4647cdeaf32499"
  integrity sha512-RdJUflcE3cUzKiMqQgsCu06FPu9UdIJO0beYbPhHN4k6apgJtifcoCtT9bcxOpYBtpD2kCM6Sbzg4CausW/PKQ==

loose-envify@^1.4.0:
  version "1.4.0"
  resolved "https://registry.yarnpkg.com/loose-envify/-/loose-envify-1.4.0.tgz#71ee51fa7be4caec1a63839f7e682d8132d30caf"
  integrity sha512-lyuxPGr/Wfhrlem2CL/UcnUc1zcqKAImBDzukY7Y5F/yQiNdko6+fRLevlw1HgMySw7f611UIY408EtxRSoK3Q==
  dependencies:
    js-tokens "^3.0.0 || ^4.0.0"

object-assign@^4.1.1:
  version "4.1.1"
  resolved "https://registry.yarnpkg.com/object-assign/-/object-assign-4.1.1.tgz#2109adc7965887cfc05cbbd442cac8bfbb360863"
  integrity sha1-IQmtx5ZYh8/AXLvUQsrIv7s2CGM=

prop-types@^15.5.10:
  version "15.7.2"
  resolved "https://registry.yarnpkg.com/prop-types/-/prop-types-15.7.2.tgz#52c41e75b8c87e72b9d9360e0206b99dcbffa6c5"
  integrity sha512-8QQikdH7//R2vurIJSutZ1smHYTcLpRWEOlHnzcWHmBYrOGUysKwSsrC89BCiFj3CbrfJ/nXFdJepOVrY1GCHQ==
  dependencies:
    loose-envify "^1.4.0"
    object-assign "^4.1.1"
    react-is "^16.8.1"

react-instantsearch-core@^6.3.0:
  version "6.3.0"
  resolved "https://registry.yarnpkg.com/react-instantsearch-core/-/react-instantsearch-core-6.3.0.tgz#5deee6630b7108d95cf19aefc0c69b9e0a866c9c"
  integrity sha512-mBCgloOs4wkuKHRypPiGZYSYSdT9wngXB3SAr+f02VpiJQFzllcB3Qn9pBFy1Zc7ROdlRovTbpFXFJmJjiWBjA==
  dependencies:
    "@babel/runtime" "^7.1.2"
    algoliasearch-helper "^3.1.0"
    fast-deep-equal "^2.0.1"
    prop-types "^15.5.10"

react-instantsearch-dom@^6.3.0:
  version "6.3.0"
  resolved "https://registry.yarnpkg.com/react-instantsearch-dom/-/react-instantsearch-dom-6.3.0.tgz#c57e9fbe0aad73b22f118c888ff25ce9be958151"
  integrity sha512-8B0jkwLLXeLZ0zf+YbND0e2Wqgntf+ez/xdOqQ6oLrLRpQqhf4T6IBanuqBkx+ce5/7JW4mLjZCBeMTj9Svd4g==
  dependencies:
    "@babel/runtime" "^7.1.2"
    algoliasearch-helper "^3.1.0"
    classnames "^2.2.5"
    prop-types "^15.5.10"
    react-instantsearch-core "^6.3.0"

react-is@^16.8.1:
  version "16.13.0"
  resolved "https://registry.yarnpkg.com/react-is/-/react-is-16.13.0.tgz#0f37c3613c34fe6b37cd7f763a0d6293ab15c527"
  integrity sha512-GFMtL0vHkiBv9HluwNZTggSn/sCyEt9n02aM0dSAjGGyqyNlAyftYm4phPxdvCigG15JreC5biwxCgTAJZ7yAA==

regenerator-runtime@^0.13.4:
  version "0.13.4"
  resolved "https://registry.yarnpkg.com/regenerator-runtime/-/regenerator-runtime-0.13.4.tgz#e96bf612a3362d12bb69f7e8f74ffeab25c7ac91"
  integrity sha512-plpwicqEzfEyTQohIKktWigcLzmNStMGwbOUbykx51/29Z3JOGYldaaNGK7ngNXV+UcoqvIMmloZ48Sr74sd+g==
