# THIS IS AN AUTOGENERATED FILE. DO NOT EDIT THIS FILE DIRECTLY.
# yarn lockfile v1


"@algolia/cache-browser-local-storage@4.0.3":
  version "4.0.3"
  resolved "https://registry.yarnpkg.com/@algolia/cache-browser-local-storage/-/cache-browser-local-storage-4.0.3.tgz#17db602aeeb7e50427617d176e2b5191eccedaff"
  integrity sha512-iHzUP7ZP09Cd48aAu58OnERchgdho/5l12YoL70AXLeDmyu/ZTENuGHiSwM2NHFE+nM4naH0N9krxtVf3/5HSg==
  dependencies:
    "@algolia/cache-common" "4.0.3"

"@algolia/cache-common@4.0.3":
  version "4.0.3"
  resolved "https://registry.yarnpkg.com/@algolia/cache-common/-/cache-common-4.0.3.tgz#a30c786153353487ae19ebac9a448e67a060d801"
  integrity sha512-5XwhDpT3bxbLc/NRJayNN7Yfj9UrqZERKjcwv2D1nl3DFa55St9czspbU9XaDns3NhyPY5XipBYJEafWa8NtVA==

"@algolia/cache-in-memory@4.0.3":
  version "4.0.3"
  resolved "https://registry.yarnpkg.com/@algolia/cache-in-memory/-/cache-in-memory-4.0.3.tgz#52e8733dd7fe994c601b10ba84940ae8d044bed4"
  integrity sha512-2eiyV+2oYbpErHNKzcITblVuw2K0qVyFfWxpSQVg5TUWg+PrEfvxAa3oDpcFvkvw/E4lIdvwt2AG8e5ldI11qQ==
  dependencies:
    "@algolia/cache-common" "4.0.3"

"@algolia/client-account@4.0.3":
  version "4.0.3"
  resolved "https://registry.yarnpkg.com/@algolia/client-account/-/client-account-4.0.3.tgz#6f7d9dc9922b32d38fd694c05d4a2a65878cad0d"
  integrity sha512-qMdMD746HjzqGUH+M5yDdinPzDwLK7HSLoyfZqCDaqZD4oxhI0pwvwyTnrSQ+LngWe9wMhu/l+uhipo0libilA==
  dependencies:
    "@algolia/client-common" "4.0.3"
    "@algolia/client-search" "4.0.3"
    "@algolia/transporter" "4.0.3"

"@algolia/client-analytics@4.0.3":
  version "4.0.3"
  resolved "https://registry.yarnpkg.com/@algolia/client-analytics/-/client-analytics-4.0.3.tgz#760bb7573b9e8fc0baaef54096031ef72071158c"
  integrity sha512-y9J6iWowtvc5iKarIYi9FJC7QJJ0y06vvZI8Pa6UC99KyGEosxHiw8vVSlcWdz48nVbDpqvszD/ocpnU1eoGFQ==
  dependencies:
    "@algolia/client-common" "4.0.3"
    "@algolia/client-search" "4.0.3"
    "@algolia/requester-common" "4.0.3"
    "@algolia/transporter" "4.0.3"

"@algolia/client-common@4.0.3":
  version "4.0.3"
  resolved "https://registry.yarnpkg.com/@algolia/client-common/-/client-common-4.0.3.tgz#786bc4f76d6942c57a26220fc1ac4c600182a23a"
  integrity sha512-pAuPT0LH/k0HB1ZfNBbfylPApruVenxn1EZWYDJcuEWkXe8yde+rTOA1355C6M2oz8khEYxKHoCckGUlz6WKSw==
  dependencies:
    "@algolia/requester-common" "4.0.3"
    "@algolia/transporter" "4.0.3"

"@algolia/client-recommendation@4.0.3":
  version "4.0.3"
  resolved "https://registry.yarnpkg.com/@algolia/client-recommendation/-/client-recommendation-4.0.3.tgz#98da5fbbf7be60c82e891bd92022e042a65d2971"
  integrity sha512-svki0hByAMPCEJhzU//6qCpEPt2e7HABMmWVybHX+fxElBnJrYkLu5lukRX6xZYyCtqob5EMWUIOVpFUSsfe+A==
  dependencies:
    "@algolia/client-common" "4.0.3"
    "@algolia/requester-common" "4.0.3"
    "@algolia/transporter" "4.0.3"

"@algolia/client-search@4.0.3":
  version "4.0.3"
  resolved "https://registry.yarnpkg.com/@algolia/client-search/-/client-search-4.0.3.tgz#4d47e998c81670e16269345a3fb265f0add0d8ee"
  integrity sha512-Q4XE9SlQuxJQfOxOZA4u1MA9H5xOu2TBjmlCBG4tOsUq79u6uK5w/qfIfzvorIg7PrItIC2eGTkykD8HmBkIEA==
  dependencies:
    "@algolia/client-common" "4.0.3"
    "@algolia/requester-common" "4.0.3"
    "@algolia/transporter" "4.0.3"

"@algolia/logger-common@4.0.3":
  version "4.0.3"
  resolved "https://registry.yarnpkg.com/@algolia/logger-common/-/logger-common-4.0.3.tgz#71d9ce352294b2a7796ff9ebe9951336729ad684"
  integrity sha512-DC7JiFc6cXQk6Ut5RS8M5ieBHtfUBBFmUXaJtloqcANNmAdFZnOcayIgRYz+fGXEkz2AzhObReN0vZ45BmiVBQ==

"@algolia/logger-console@4.0.3":
  version "4.0.3"
  resolved "https://registry.yarnpkg.com/@algolia/logger-console/-/logger-console-4.0.3.tgz#e4957d9b287bbf26a10fcee7110ece2ca827f793"
  integrity sha512-KXHXpwZ4cNsjC18GpwflBO/v9J/dW7bksnVmjaCCAdYKY2e1XnD5P8hCrYe2QIIwa6+HB9IB/5aYMtE4NNj3sg==
  dependencies:
    "@algolia/logger-common" "4.0.3"

"@algolia/requester-browser-xhr@4.0.3":
  version "4.0.3"
  resolved "https://registry.yarnpkg.com/@algolia/requester-browser-xhr/-/requester-browser-xhr-4.0.3.tgz#1413517aae6923cc7fd707a279cb441d9d762602"
  integrity sha512-cj4BBbuX7fLA5EJLkesfENY1Q9pSMpJuzvtvyy18jhPavMY2qL4Y9NFbQo03ENnmD2qnDfdIK17cJLa+QaINwg==
  dependencies:
    "@algolia/requester-common" "4.0.3"

"@algolia/requester-common@4.0.3":
  version "4.0.3"
  resolved "https://registry.yarnpkg.com/@algolia/requester-common/-/requester-common-4.0.3.tgz#251507731d219f9e1338444b8c60d693a39fc014"
  integrity sha512-6zfTEW17a/S/M/rBtvMO37pHJ3eqXQorCsoCKpcJXE1gV16Yt8pB9HqylnepC+xv9bMgCn72YkfWmhrGjW/hkA==

"@algolia/requester-node-http@4.0.3":
  version "4.0.3"
  resolved "https://registry.yarnpkg.com/@algolia/requester-node-http/-/requester-node-http-4.0.3.tgz#3201f5dd4106ee5b3c3be30ce2f684b30256906b"
  integrity sha512-TCddXMrfieNWDbQwxikOUZGJoYvN2MFCB+d8Yw3/RhwHasB4B5mWQ/8pvtgihlH13FILSVY1IB9ghC9SZBK6rw==
  dependencies:
    "@algolia/requester-common" "4.0.3"

"@algolia/transporter@4.0.3":
  version "4.0.3"
  resolved "https://registry.yarnpkg.com/@algolia/transporter/-/transporter-4.0.3.tgz#75a107f6b4d4333ef4f82a63e4fb755bdea7b98a"
  integrity sha512-ol6mXCL+DAGplpE5erN5Nrcq/aZLVxpQg6V5BK0fK0YDSiCCrucRpuwGW6SkxhlgdyGQbl/4s5hZJ+ucYpK+3w==
  dependencies:
    "@algolia/cache-common" "4.0.3"
    "@algolia/logger-common" "4.0.3"
    "@algolia/requester-common" "4.0.3"

"@babel/runtime@^7.1.2":
  version "7.8.7"
  resolved "https://registry.yarnpkg.com/@babel/runtime/-/runtime-7.8.7.tgz#8fefce9802db54881ba59f90bb28719b4996324d"
  integrity sha512-+AATMUFppJDw6aiR5NVPHqIQBlV/Pj8wY/EZH+lmvRdUo9xBaz/rF3alAwFJQavvKfeOlPE7oaaDHVbcySbCsg==
  dependencies:
    regenerator-runtime "^0.13.4"

algoliasearch-helper@^3.1.0:
  version "3.1.1"
  resolved "https://registry.yarnpkg.com/algoliasearch-helper/-/algoliasearch-helper-3.1.1.tgz#4cdfbaed6670d82626ac1fae001ccbf53192f497"
  integrity sha512-Jkqlp8jezQRixf7sbQ2zFXHpdaT41g9sHBqT6pztv5nfDmg94K+pwesAy6UbxRY78IL54LIaV1FLttMtT+IzzA==
  dependencies:
    events "^1.1.1"

algoliasearch@^4.0.3:
  version "4.0.3"
  resolved "https://registry.yarnpkg.com/algoliasearch/-/algoliasearch-4.0.3.tgz#3e3808840e628ba428f87689d998f0b30ddd1256"
  integrity sha512-/4aFAPDoFGEDsx3c0ggKfRC1FeEdtM1HyWMwVe/wkHf/GH6CF67NFNIaBgkqt4i/SYAs92WL8B2Y8cDEMQGfGg==
  dependencies:
    "@algolia/cache-browser-local-storage" "4.0.3"
    "@algolia/cache-common" "4.0.3"
    "@algolia/cache-in-memory" "4.0.3"
    "@algolia/client-account" "4.0.3"
    "@algolia/client-analytics" "4.0.3"
    "@algolia/client-common" "4.0.3"
    "@algolia/client-recommendation" "4.0.3"
    "@algolia/client-search" "4.0.3"
    "@algolia/logger-common" "4.0.3"
    "@algolia/logger-console" "4.0.3"
    "@algolia/requester-browser-xhr" "4.0.3"
    "@algolia/requester-common" "4.0.3"
    "@algolia/requester-node-http" "4.0.3"
    "@algolia/transporter" "4.0.3"

classnames@^2.2.5:
  version "2.2.6"
  resolved "https://registry.yarnpkg.com/classnames/-/classnames-2.2.6.tgz#43935bffdd291f326dad0a205309b38d00f650ce"
  integrity sha512-JR/iSQOSt+LQIWwrwEzJ9uk0xfN3mTVYMwt1Ir5mUcSN6pU+V4zQFFaJsclJbPuAUQH+yfWef6tm7l1quW3C8Q==

events@^1.1.1:
  version "1.1.1"
  resolved "https://registry.yarnpkg.com/events/-/events-1.1.1.tgz#9ebdb7635ad099c70dcc4c2a1f5004288e8bd924"
  integrity sha1-nr23Y1rQmccNzEwqH1AEKI6L2SQ=

fast-deep-equal@^2.0.1:
  version "2.0.1"
  resolved "https://registry.yarnpkg.com/fast-deep-equal/-/fast-deep-equal-2.0.1.tgz#7b05218ddf9667bf7f370bf7fdb2cb15fdd0aa49"
  integrity sha1-ewUhjd+WZ79/Nwv3/bLLFf3Qqkk=

"js-tokens@^3.0.0 || ^4.0.0":
  version "4.0.0"
  resolved "https://registry.yarnpkg.com/js-tokens/-/js-tokens-4.0.0.tgz#19203fb59991df98e3a287050d4647cdeaf32499"
  integrity sha512-RdJUflcE3cUzKiMqQgsCu06FPu9UdIJO0beYbPhHN4k6apgJtifcoCtT9bcxOpYBtpD2kCM6Sbzg4CausW/PKQ==

loose-envify@^1.4.0:
  version "1.4.0"
  resolved "https://registry.yarnpkg.com/loose-envify/-/loose-envify-1.4.0.tgz#71ee51fa7be4caec1a63839f7e682d8132d30caf"
  integrity sha512-lyuxPGr/Wfhrlem2CL/UcnUc1zcqKAImBDzukY7Y5F/yQiNdko6+fRLevlw1HgMySw7f611UIY408EtxRSoK3Q==
  dependencies:
    js-tokens "^3.0.0 || ^4.0.0"

object-assign@^4.1.1:
  version "4.1.1"
  resolved "https://registry.yarnpkg.com/object-assign/-/object-assign-4.1.1.tgz#2109adc7965887cfc05cbbd442cac8bfbb360863"
  integrity sha1-IQmtx5ZYh8/AXLvUQsrIv7s2CGM=

prop-types@^15.5.10:
  version "15.7.2"
  resolved "https://registry.yarnpkg.com/prop-types/-/prop-types-15.7.2.tgz#52c41e75b8c87e72b9d9360e0206b99dcbffa6c5"
  integrity sha512-8QQikdH7//R2vurIJSutZ1smHYTcLpRWEOlHnzcWHmBYrOGUysKwSsrC89BCiFj3CbrfJ/nXFdJepOVrY1GCHQ==
  dependencies:
    loose-envify "^1.4.0"
    object-assign "^4.1.1"
    react-is "^16.8.1"

react-instantsearch-core@^6.3.0:
  version "6.3.0"
  resolved "https://registry.yarnpkg.com/react-instantsearch-core/-/react-instantsearch-core-6.3.0.tgz#5deee6630b7108d95cf19aefc0c69b9e0a866c9c"
  integrity sha512-mBCgloOs4wkuKHRypPiGZYSYSdT9wngXB3SAr+f02VpiJQFzllcB3Qn9pBFy1Zc7ROdlRovTbpFXFJmJjiWBjA==
  dependencies:
    "@babel/runtime" "^7.1.2"
    algoliasearch-helper "^3.1.0"
    fast-deep-equal "^2.0.1"
    prop-types "^15.5.10"

react-instantsearch-dom@^6.3.0:
  version "6.3.0"
  resolved "https://registry.yarnpkg.com/react-instantsearch-dom/-/react-instantsearch-dom-6.3.0.tgz#c57e9fbe0aad73b22f118c888ff25ce9be958151"
  integrity sha512-8B0jkwLLXeLZ0zf+YbND0e2Wqgntf+ez/xdOqQ6oLrLRpQqhf4T6IBanuqBkx+ce5/7JW4mLjZCBeMTj9Svd4g==
  dependencies:
    "@babel/runtime" "^7.1.2"
    algoliasearch-helper "^3.1.0"
    classnames "^2.2.5"
    prop-types "^15.5.10"
    react-instantsearch-core "^6.3.0"

react-is@^16.8.1:
  version "16.13.0"
  resolved "https://registry.yarnpkg.com/react-is/-/react-is-16.13.0.tgz#0f37c3613c34fe6b37cd7f763a0d6293ab15c527"
  integrity sha512-GFMtL0vHkiBv9HluwNZTggSn/sCyEt9n02aM0dSAjGGyqyNlAyftYm4phPxdvCigG15JreC5biwxCgTAJZ7yAA==

regenerator-runtime@^0.13.4:
  version "0.13.4"
  resolved "https://registry.yarnpkg.com/regenerator-runtime/-/regenerator-runtime-0.13.4.tgz#e96bf612a3362d12bb69f7e8f74ffeab25c7ac91"
  integrity sha512-plpwicqEzfEyTQohIKktWigcLzmNStMGwbOUbykx51/29Z3JOGYldaaNGK7ngNXV+UcoqvIMmloZ48Sr74sd+g==
